
Microsoft Visual Studio Solution File, Format Version 12.00
# Visual Studio 14
VisualStudioVersion = 14.0.25420.1
MinimumVisualStudioVersion = 10.0.40219.1
Project("{FAE04EC0-301F-11D3-BF4B-00C04F79EFBC}") = "FiscalBr.MotorTributario", "FiscalBr.MotorTributario\FiscalBr.MotorTributario.csproj", "{22D17E57-0108-4F7F-9F1D-FADA9A38978F}"
EndProject
Project("{FAE04EC0-301F-11D3-BF4B-00C04F79EFBC}") = "FiscalBr.Tests", "FiscalBr.Tests\FiscalBr.Tests.csproj", "{5D9207D9-500C-4D97-8BDC-C45B70282064}"
EndProject
Project("{FAE04EC0-301F-11D3-BF4B-00C04F79EFBC}") = "FiscalBr.Classes", "FiscalBr.Classes\FiscalBr.Classes.csproj", "{F89871B4-7B2D-4590-BD7F-7A566CF7D17B}"
EndProject
Project("{FAE04EC0-301F-11D3-BF4B-00C04F79EFBC}") = "FiscalBr.App", "FiscalBr.App\FiscalBr.App.csproj", "{E881F9CD-DC63-4DA0-9420-8EEFE5D09CDC}"
EndProject
Project("{2150E333-8FDC-42A3-9474-1A3956D46DE8}") = "Tests", "Tests", "{2D7292A5-76A9-4025-AE1C-383CA94D23B4}"
EndProject
Project("{FAE04EC0-301F-11D3-BF4B-00C04F79EFBC}") = "FiscalBr.Common", "FiscalBr.Common\FiscalBr.Common.csproj", "{5BECBD41-4C2E-4C39-9C86-E094486C3A4E}"
EndProject
Global
	GlobalSection(SolutionConfigurationPlatforms) = preSolution
		Debug|Any CPU = Debug|Any CPU
		Release|Any CPU = Release|Any CPU
	EndGlobalSection
	GlobalSection(ProjectConfigurationPlatforms) = postSolution
		{22D17E57-0108-4F7F-9F1D-FADA9A38978F}.Debug|Any CPU.ActiveCfg = Debug|Any CPU
		{22D17E57-0108-4F7F-9F1D-FADA9A38978F}.Debug|Any CPU.Build.0 = Debug|Any CPU
		{22D17E57-0108-4F7F-9F1D-FADA9A38978F}.Release|Any CPU.ActiveCfg = Release|Any CPU
		{22D17E57-0108-4F7F-9F1D-FADA9A38978F}.Release|Any CPU.Build.0 = Release|Any CPU
		{5D9207D9-500C-4D97-8BDC-C45B70282064}.Debug|Any CPU.ActiveCfg = Debug|Any CPU
		{5D9207D9-500C-4D97-8BDC-C45B70282064}.Debug|Any CPU.Build.0 = Debug|Any CPU
		{5D9207D9-500C-4D97-8BDC-C45B70282064}.Release|Any CPU.ActiveCfg = Release|Any CPU
		{5D9207D9-500C-4D97-8BDC-C45B70282064}.Release|Any CPU.Build.0 = Release|Any CPU
		{F89871B4-7B2D-4590-BD7F-7A566CF7D17B}.Debug|Any CPU.ActiveCfg = Debug|Any CPU
		{F89871B4-7B2D-4590-BD7F-7A566CF7D17B}.Debug|Any CPU.Build.0 = Debug|Any CPU
		{F89871B4-7B2D-4590-BD7F-7A566CF7D17B}.Release|Any CPU.ActiveCfg = Release|Any CPU
		{F89871B4-7B2D-4590-BD7F-7A566CF7D17B}.Release|Any CPU.Build.0 = Release|Any CPU
		{E881F9CD-DC63-4DA0-9420-8EEFE5D09CDC}.Debug|Any CPU.ActiveCfg = Debug|Any CPU
		{E881F9CD-DC63-4DA0-9420-8EEFE5D09CDC}.Debug|Any CPU.Build.0 = Debug|Any CPU
		{E881F9CD-DC63-4DA0-9420-8EEFE5D09CDC}.Release|Any CPU.ActiveCfg = Release|Any CPU
		{E881F9CD-DC63-4DA0-9420-8EEFE5D09CDC}.Release|Any CPU.Build.0 = Release|Any CPU
		{5BECBD41-4C2E-4C39-9C86-E094486C3A4E}.Debug|Any CPU.ActiveCfg = Debug|Any CPU
		{5BECBD41-4C2E-4C39-9C86-E094486C3A4E}.Debug|Any CPU.Build.0 = Debug|Any CPU
		{5BECBD41-4C2E-4C39-9C86-E094486C3A4E}.Release|Any CPU.ActiveCfg = Release|Any CPU
		{5BECBD41-4C2E-4C39-9C86-E094486C3A4E}.Release|Any CPU.Build.0 = Release|Any CPU
	EndGlobalSection
	GlobalSection(SolutionProperties) = preSolution
		HideSolutionNode = FALSE
	EndGlobalSection
	GlobalSection(NestedProjects) = preSolution
		{5D9207D9-500C-4D97-8BDC-C45B70282064} = {2D7292A5-76A9-4025-AE1C-383CA94D23B4}
	EndGlobalSection
EndGlobal
